
Microsoft Visual Studio Solution File, Format Version 12.00
# Visual Studio Version 16
VisualStudioVersion = 16.0.29613.14
MinimumVisualStudioVersion = 10.0.40219.1
Project("{FAE04EC0-301F-11D3-BF4B-00C04F79EFBC}") = "prjProductSys", "prjProductSys\prjProductSys.csproj", "{B0B8DDE4-B3BA-4B89-A26A-92C3FFEADB02}"
EndProject
Global
	GlobalSection(SolutionConfigurationPlatforms) = preSolution
		Debug|Any CPU = Debug|Any CPU
		Release|Any CPU = Release|Any CPU
	EndGlobalSection
	GlobalSection(ProjectConfigurationPlatforms) = postSolution
		{B0B8DDE4-B3BA-4B89-A26A-92C3FFEADB02}.Debug|Any CPU.ActiveCfg = Debug|Any CPU
		{B0B8DDE4-B3BA-4B89-A26A-92C3FFEADB02}.Debug|Any CPU.Build.0 = Debug|Any CPU
		{B0B8DDE4-B3BA-4B89-A26A-92C3FFEADB02}.Release|Any CPU.ActiveCfg = Release|Any CPU
		{B0B8DDE4-B3BA-4B89-A26A-92C3FFEADB02}.Release|Any CPU.Build.0 = Release|Any CPU
	EndGlobalSection
	GlobalSection(SolutionProperties) = preSolution
		HideSolutionNode = FALSE
	EndGlobalSection
	GlobalSection(ExtensibilityGlobals) = postSolution
		SolutionGuid = {69D8F073-01ED-4416-94AB-2FCCD88DE388}
	EndGlobalSection
EndGlobal
